
Microsoft Visual Studio Solution File, Format Version 12.00
# Visual Studio Version 17
VisualStudioVersion = 17.13.35828.75 d17.13
MinimumVisualStudioVersion = 10.0.40219.1
Project("{FAE04EC0-301F-11D3-BF4B-00C04F79EFBC}") = "RideSharingSystem", "RideSharingSystem.csproj", "{FFF626CF-5977-2D76-791C-15C4B0D8AC17}"
EndProject
Global
	GlobalSection(SolutionConfigurationPlatforms) = preSolution
		Debug|Any CPU = Debug|Any CPU
		Release|Any CPU = Release|Any CPU
	EndGlobalSection
	GlobalSection(ProjectConfigurationPlatforms) = postSolution
		{FFF626CF-5977-2D76-791C-15C4B0D8AC17}.Debug|Any CPU.ActiveCfg = Debug|Any CPU
		{FFF626CF-5977-2D76-791C-15C4B0D8AC17}.Debug|Any CPU.Build.0 = Debug|Any CPU
		{FFF626CF-5977-2D76-791C-15C4B0D8AC17}.Release|Any CPU.ActiveCfg = Release|Any CPU
		{FFF626CF-5977-2D76-791C-15C4B0D8AC17}.Release|Any CPU.Build.0 = Release|Any CPU
	EndGlobalSection
	GlobalSection(SolutionProperties) = preSolution
		HideSolutionNode = FALSE
	EndGlobalSection
	GlobalSection(ExtensibilityGlobals) = postSolution
		SolutionGuid = {AAAF226A-1F93-4275-B2EB-1CA0EE2A96EB}
	EndGlobalSection
EndGlobal
